// !$*UTF8*$!
{
	archiveVersion = 1;
	classes = {
	};
	objectVersion = 46;
	objects = {

/* Begin PBXBuildFile section */
		6814544E1D996FB00003185A /* AppDelegate.swift in Sources */ = {isa = PBXBuildFile; fileRef = 6814544D1D996FB00003185A /* AppDelegate.swift */; };
		681454501D996FB00003185A /* ViewController.swift in Sources */ = {isa = PBXBuildFile; fileRef = 6814544F1D996FB00003185A /* ViewController.swift */; };
		681454531D996FB00003185A /* Main.storyboard in Resources */ = {isa = PBXBuildFile; fileRef = 681454511D996FB00003185A /* Main.storyboard */; };
		681454551D996FB00003185A /* Assets.xcassets in Resources */ = {isa = PBXBuildFile; fileRef = 681454541D996FB00003185A /* Assets.xcassets */; };
		681454581D996FB00003185A /* LaunchScreen.storyboard in Resources */ = {isa = PBXBuildFile; fileRef = 681454561D996FB00003185A /* LaunchScreen.storyboard */; };
		681454631D996FB00003185A /* Is_It_PrimeTests.swift in Sources */ = {isa = PBXBuildFile; fileRef = 681454621D996FB00003185A /* Is_It_PrimeTests.swift */; };
		6814546E1D996FB00003185A /* Is_It_PrimeUITests.swift in Sources */ = {isa = PBXBuildFile; fileRef = 6814546D1D996FB00003185A /* Is_It_PrimeUITests.swift */; };
/* End PBXBuildFile section */

/* Begin PBXContainerItemProxy section */
		6814545F1D996FB00003185A /* PBXContainerItemProxy */ = {
			isa = PBXContainerItemProxy;
			containerPortal = 681454421D996FB00003185A /* Project object */;
			proxyType = 1;
			remoteGlobalIDString = 681454491D996FB00003185A;
			remoteInfo = "Is It Prime";
		};
		6814546A1D996FB00003185A /* PBXContainerItemProxy */ = {
			isa = PBXContainerItemProxy;
			containerPortal = 681454421D996FB00003185A /* Project object */;
			proxyType = 1;
			remoteGlobalIDString = 681454491D996FB00003185A;
			remoteInfo = "Is It Prime";
		};
/* End PBXContainerItemProxy section */

/* Begin PBXFileReference section */
		6814544A1D996FB00003185A /* Is It Prime.app */ = {isa = PBXFileReference; explicitFileType = wrapper.application; includeInIndex = 0; path = "Is It Prime.app"; sourceTree = BUILT_PRODUCTS_DIR; };
		6814544D1D996FB00003185A /* AppDelegate.swift */ = {isa = PBXFileReference; lastKnownFileType = sourcecode.swift; path = AppDelegate.swift; sourceTree = "<group>"; };
		6814544F1D996FB00003185A /* ViewController.swift */ = {isa = PBXFileReference; lastKnownFileType = sourcecode.swift; path = ViewController.swift; sourceTree = "<group>"; };
		681454521D996FB00003185A /* Base */ = {isa = PBXFileReference; lastKnownFileType = file.storyboard; name = Base; path = Base.lproj/Main.storyboard; sourceTree = "<group>"; };
		681454541D996FB00003185A /* Assets.xcassets */ = {isa = PBXFileReference; lastKnownFileType = folder.assetcatalog; path = Assets.xcassets; sourceTree = "<group>"; };
		681454571D996FB00003185A /* Base */ = {isa = PBXFileReference; lastKnownFileType = file.storyboard; name = Base; path = Base.lproj/LaunchScreen.storyboard; sourceTree = "<group>"; };
		681454591D996FB00003185A /* Info.plist */ = {isa = PBXFileReference; lastKnownFileType = text.plist.xml; path = Info.plist; sourceTree = "<group>"; };
		6814545E1D996FB00003185A /* Is It PrimeTests.xctest */ = {isa = PBXFileReference; explicitFileType = wrapper.cfbundle; includeInIndex = 0; path = "Is It PrimeTests.xctest"; sourceTree = BUILT_PRODUCTS_DIR; };
		681454621D996FB00003185A /* Is_It_PrimeTests.swift */ = {isa = PBXFileReference; lastKnownFileType = sourcecode.swift; path = Is_It_PrimeTests.swift; sourceTree = "<group>"; };
		681454641D996FB00003185A /* Info.plist */ = {isa = PBXFileReference; lastKnownFileType = text.plist.xml; path = Info.plist; sourceTree = "<group>"; };
		681454691D996FB00003185A /* Is It PrimeUITests.xctest */ = {isa = PBXFileReference; explicitFileType = wrapper.cfbundle; includeInIndex = 0; path = "Is It PrimeUITests.xctest"; sourceTree = BUILT_PRODUCTS_DIR; };
		6814546D1D996FB00003185A /* Is_It_PrimeUITests.swift */ = {isa = PBXFileReference; lastKnownFileType = sourcecode.swift; path = Is_It_PrimeUITests.swift; sourceTree = "<group>"; };
		6814546F1D996FB00003185A /* Info.plist */ = {isa = PBXFileReference; lastKnownFileType = text.plist.xml; path = Info.plist; sourceTree = "<group>"; };
/* End PBXFileReference section */

/* Begin PBXFrameworksBuildPhase section */
		681454471D996FB00003185A /* Frameworks */ = {
			isa = PBXFrameworksBuildPhase;
			buildActionMask = 2147483647;
			files = (
			);
			runOnlyForDeploymentPostprocessing = 0;
		};
		6814545B1D996FB00003185A /* Frameworks */ = {
			isa = PBXFrameworksBuildPhase;
			buildActionMask = 2147483647;
			files = (
			);
			runOnlyForDeploymentPostprocessing = 0;
		};
		681454661D996FB00003185A /* Frameworks */ = {
			isa = PBXFrameworksBuildPhase;
			buildActionMask = 2147483647;
			files = (
			);
			runOnlyForDeploymentPostprocessing = 0;
		};
/* End PBXFrameworksBuildPhase section */

/* Begin PBXGroup section */
		681454411D996FB00003185A = {
			isa = PBXGroup;
			children = (
				6814544C1D996FB00003185A /* Is It Prime */,
				681454611D996FB00003185A /* Is It PrimeTests */,
				6814546C1D996FB00003185A /* Is It PrimeUITests */,
				6814544B1D996FB00003185A /* Products */,
			);
			sourceTree = "<group>";
		};
		6814544B1D996FB00003185A /* Products */ = {
			isa = PBXGroup;
			children = (
				6814544A1D996FB00003185A /* Is It Prime.app */,
				6814545E1D996FB00003185A /* Is It PrimeTests.xctest */,
				681454691D996FB00003185A /* Is It PrimeUITests.xctest */,
			);
			name = Products;
			sourceTree = "<group>";
		};
		6814544C1D996FB00003185A /* Is It Prime */ = {
			isa = PBXGroup;
			children = (
				6814544D1D996FB00003185A /* AppDelegate.swift */,
				6814544F1D996FB00003185A /* ViewController.swift */,
				681454511D996FB00003185A /* Main.storyboard */,
				681454541D996FB00003185A /* Assets.xcassets */,
				681454561D996FB00003185A /* LaunchScreen.storyboard */,
				681454591D996FB00003185A /* Info.plist */,
			);
			path = "Is It Prime";
			sourceTree = "<group>";
		};
		681454611D996FB00003185A /* Is It PrimeTests */ = {
			isa = PBXGroup;
			children = (
				681454621D996FB00003185A /* Is_It_PrimeTests.swift */,
				681454641D996FB00003185A /* Info.plist */,
			);
			path = "Is It PrimeTests";
			sourceTree = "<group>";
		};
		6814546C1D996FB00003185A /* Is It PrimeUITests */ = {
			isa = PBXGroup;
			children = (
				6814546D1D996FB00003185A /* Is_It_PrimeUITests.swift */,
				6814546F1D996FB00003185A /* Info.plist */,
			);
			path = "Is It PrimeUITests";
			sourceTree = "<group>";
		};
/* End PBXGroup section */

/* Begin PBXNativeTarget section */
		681454491D996FB00003185A /* Is It Prime */ = {
			isa = PBXNativeTarget;
			buildConfigurationList = 681454721D996FB00003185A /* Build configuration list for PBXNativeTarget "Is It Prime" */;
			buildPhases = (
				681454461D996FB00003185A /* Sources */,
				681454471D996FB00003185A /* Frameworks */,
				681454481D996FB00003185A /* Resources */,
			);
			buildRules = (
			);
			dependencies = (
			);
			name = "Is It Prime";
			productName = "Is It Prime";
			productReference = 6814544A1D996FB00003185A /* Is It Prime.app */;
			productType = "com.apple.product-type.application";
		};
		6814545D1D996FB00003185A /* Is It PrimeTests */ = {
			isa = PBXNativeTarget;
			buildConfigurationList = 681454751D996FB00003185A /* Build configuration list for PBXNativeTarget "Is It PrimeTests" */;
			buildPhases = (
				6814545A1D996FB00003185A /* Sources */,
				6814545B1D996FB00003185A /* Frameworks */,
				6814545C1D996FB00003185A /* Resources */,
			);
			buildRules = (
			);
			dependencies = (
				681454601D996FB00003185A /* PBXTargetDependency */,
			);
			name = "Is It PrimeTests";
			productName = "Is It PrimeTests";
			productReference = 6814545E1D996FB00003185A /* Is It PrimeTests.xctest */;
			productType = "com.apple.product-type.bundle.unit-test";
		};
		681454681D996FB00003185A /* Is It PrimeUITests */ = {
			isa = PBXNativeTarget;
			buildConfigurationList = 681454781D996FB00003185A /* Build configuration list for PBXNativeTarget "Is It PrimeUITests" */;
			buildPhases = (
				681454651D996FB00003185A /* Sources */,
				681454661D996FB00003185A /* Frameworks */,
				681454671D996FB00003185A /* Resources */,
			);
			buildRules = (
			);
			dependencies = (
				6814546B1D996FB00003185A /* PBXTargetDependency */,
			);
			name = "Is It PrimeUITests";
			productName = "Is It PrimeUITests";
			productReference = 681454691D996FB00003185A /* Is It PrimeUITests.xctest */;
			productType = "com.apple.product-type.bundle.ui-testing";
		};
/* End PBXNativeTarget section */

/* Begin PBXProject section */
		681454421D996FB00003185A /* Project object */ = {
			isa = PBXProject;
			attributes = {
				LastSwiftUpdateCheck = 0800;
				LastUpgradeCheck = 0800;
				ORGANIZATIONNAME = "Hugo Morelli";
				TargetAttributes = {
					681454491D996FB00003185A = {
						CreatedOnToolsVersion = 8.0;
						ProvisioningStyle = Automatic;
					};
					6814545D1D996FB00003185A = {
						CreatedOnToolsVersion = 8.0;
						ProvisioningStyle = Automatic;
						TestTargetID = 681454491D996FB00003185A;
					};
					681454681D996FB00003185A = {
						CreatedOnToolsVersion = 8.0;
						ProvisioningStyle = Automatic;
						TestTargetID = 681454491D996FB00003185A;
					};
				};
			};
			buildConfigurationList = 681454451D996FB00003185A /* Build configuration list for PBXProject "Is It Prime" */;
			compatibilityVersion = "Xcode 3.2";
			developmentRegion = English;
			hasScannedForEncodings = 0;
			knownRegions = (
				en,
				Base,
			);
			mainGroup = 681454411D996FB00003185A;
			productRefGroup = 6814544B1D996FB00003185A /* Products */;
			projectDirPath = "";
			projectRoot = "";
			targets = (
				681454491D996FB00003185A /* Is It Prime */,
				6814545D1D996FB00003185A /* Is It PrimeTests */,
				681454681D996FB00003185A /* Is It PrimeUITests */,
			);
		};
/* End PBXProject section */

/* Begin PBXResourcesBuildPhase section */
		681454481D996FB00003185A /* Resources */ = {
			isa = PBXResourcesBuildPhase;
			buildActionMask = 2147483647;
			files = (
				681454581D996FB00003185A /* LaunchScreen.storyboard in Resources */,
				681454551D996FB00003185A /* Assets.xcassets in Resources */,
				681454531D996FB00003185A /* Main.storyboard in Resources */,
			);
			runOnlyForDeploymentPostprocessing = 0;
		};
		6814545C1D996FB00003185A /* Resources */ = {
			isa = PBXResourcesBuildPhase;
			buildActionMask = 2147483647;
			files = (
			);
			runOnlyForDeploymentPostprocessing = 0;
		};
		681454671D996FB00003185A /* Resources */ = {
			isa = PBXResourcesBuildPhase;
			buildActionMask = 2147483647;
			files = (
			);
			runOnlyForDeploymentPostprocessing = 0;
		};
/* End PBXResourcesBuildPhase section */

/* Begin PBXSourcesBuildPhase section */
		681454461D996FB00003185A /* Sources */ = {
			isa = PBXSourcesBuildPhase;
			buildActionMask = 2147483647;
			files = (
				681454501D996FB00003185A /* ViewController.swift in Sources */,
				6814544E1D996FB00003185A /* AppDelegate.swift in Sources */,
			);
			runOnlyForDeploymentPostprocessing = 0;
		};
		6814545A1D996FB00003185A /* Sources */ = {
			isa = PBXSourcesBuildPhase;
			buildActionMask = 2147483647;
			files = (
				681454631D996FB00003185A /* Is_It_PrimeTests.swift in Sources */,
			);
			runOnlyForDeploymentPostprocessing = 0;
		};
		681454651D996FB00003185A /* Sources */ = {
			isa = PBXSourcesBuildPhase;
			buildActionMask = 2147483647;
			files = (
				6814546E1D996FB00003185A /* Is_It_PrimeUITests.swift in Sources */,
			);
			runOnlyForDeploymentPostprocessing = 0;
		};
/* End PBXSourcesBuildPhase section */

/* Begin PBXTargetDependency section */
		681454601D996FB00003185A /* PBXTargetDependency */ = {
			isa = PBXTargetDependency;
			target = 681454491D996FB00003185A /* Is It Prime */;
			targetProxy = 6814545F1D996FB00003185A /* PBXContainerItemProxy */;
		};
		6814546B1D996FB00003185A /* PBXTargetDependency */ = {
			isa = PBXTargetDependency;
			target = 681454491D996FB00003185A /* Is It Prime */;
			targetProxy = 6814546A1D996FB00003185A /* PBXContainerItemProxy */;
		};
/* End PBXTargetDependency section */

/* Begin PBXVariantGroup section */
		681454511D996FB00003185A /* Main.storyboard */ = {
			isa = PBXVariantGroup;
			children = (
				681454521D996FB00003185A /* Base */,
			);
			name = Main.storyboard;
			sourceTree = "<group>";
		};
		681454561D996FB00003185A /* LaunchScreen.storyboard */ = {
			isa = PBXVariantGroup;
			children = (
				681454571D996FB00003185A /* Base */,
			);
			name = LaunchScreen.storyboard;
			sourceTree = "<group>";
		};
/* End PBXVariantGroup section */

/* Begin XCBuildConfiguration section */
		681454701D996FB00003185A /* Debug */ = {
			isa = XCBuildConfiguration;
			buildSettings = {
				ALWAYS_SEARCH_USER_PATHS = NO;
				CLANG_ANALYZER_NONNULL = YES;
				CLANG_CXX_LANGUAGE_STANDARD = "gnu++0x";
				CLANG_CXX_LIBRARY = "libc++";
				CLANG_ENABLE_MODULES = YES;
				CLANG_ENABLE_OBJC_ARC = YES;
				CLANG_WARN_BOOL_CONVERSION = YES;
				CLANG_WARN_CONSTANT_CONVERSION = YES;
				CLANG_WARN_DIRECT_OBJC_ISA_USAGE = YES_ERROR;
				CLANG_WARN_DOCUMENTATION_COMMENTS = YES;
				CLANG_WARN_EMPTY_BODY = YES;
				CLANG_WARN_ENUM_CONVERSION = YES;
				CLANG_WARN_INFINITE_RECURSION = YES;
				CLANG_WARN_INT_CONVERSION = YES;
				CLANG_WARN_OBJC_ROOT_CLASS = YES_ERROR;
				CLANG_WARN_SUSPICIOUS_MOVES = YES;
				CLANG_WARN_UNREACHABLE_CODE = YES;
				CLANG_WARN__DUPLICATE_METHOD_MATCH = YES;
				"CODE_SIGN_IDENTITY[sdk=iphoneos*]" = "iPhone Developer";
				COPY_PHASE_STRIP = NO;
				DEBUG_INFORMATION_FORMAT = dwarf;
				ENABLE_STRICT_OBJC_MSGSEND = YES;
				ENABLE_TESTABILITY = YES;
				GCC_C_LANGUAGE_STANDARD = gnu99;
				GCC_DYNAMIC_NO_PIC = NO;
				GCC_NO_COMMON_BLOCKS = YES;
				GCC_OPTIMIZATION_LEVEL = 0;
				GCC_PREPROCESSOR_DEFINITIONS = (
					"DEBUG=1",
					"$(inherited)",
				);
				GCC_WARN_64_TO_32_BIT_CONVERSION = YES;
				GCC_WARN_ABOUT_RETURN_TYPE = YES_ERROR;
				GCC_WARN_UNDECLARED_SELECTOR = YES;
				GCC_WARN_UNINITIALIZED_AUTOS = YES_AGGRESSIVE;
				GCC_WARN_UNUSED_FUNCTION = YES;
				GCC_WARN_UNUSED_VARIABLE = YES;
				IPHONEOS_DEPLOYMENT_TARGET = 10.0;
				MTL_ENABLE_DEBUG_INFO = YES;
				ONLY_ACTIVE_ARCH = YES;
				SDKROOT = iphoneos;
				SWIFT_ACTIVE_COMPILATION_CONDITIONS = DEBUG;
				SWIFT_OPTIMIZATION_LEVEL = "-Onone";
				TARGETED_DEVICE_FAMILY = "1,2";
			};
			name = Debug;
		};
		681454711D996FB00003185A /* Release */ = {
			isa = XCBuildConfiguration;
			buildSettings = {
				ALWAYS_SEARCH_USER_PATHS = NO;
				CLANG_ANALYZER_NONNULL = YES;
				CLANG_CXX_LANGUAGE_STANDARD = "gnu++0x";
				CLANG_CXX_LIBRARY = "libc++";
				CLANG_ENABLE_MODULES = YES;
				CLANG_ENABLE_OBJC_ARC = YES;
				CLANG_WARN_BOOL_CONVERSION = YES;
				CLANG_WARN_CONSTANT_CONVERSION = YES;
				CLANG_WARN_DIRECT_OBJC_ISA_USAGE = YES_ERROR;
				CLANG_WARN_DOCUMENTATION_COMMENTS = YES;
				CLANG_WARN_EMPTY_BODY = YES;
				CLANG_WARN_ENUM_CONVERSION = YES;
				CLANG_WARN_INFINITE_RECURSION = YES;
				CLANG_WARN_INT_CONVERSION = YES;
				CLANG_WARN_OBJC_ROOT_CLASS = YES_ERROR;
				CLANG_WARN_SUSPICIOUS_MOVES = YES;
				CLANG_WARN_UNREACHABLE_CODE = YES;
				CLANG_WARN__DUPLICATE_METHOD_MATCH = YES;
				"CODE_SIGN_IDENTITY[sdk=iphoneos*]" = "iPhone Developer";
				COPY_PHASE_STRIP = NO;
				DEBUG_INFORMATION_FORMAT = "dwarf-with-dsym";
				ENABLE_NS_ASSERTIONS = NO;
				ENABLE_STRICT_OBJC_MSGSEND = YES;
				GCC_C_LANGUAGE_STANDARD = gnu99;
				GCC_NO_COMMON_BLOCKS = YES;
				GCC_WARN_64_TO_32_BIT_CONVERSION = YES;
				GCC_WARN_ABOUT_RETURN_TYPE = YES_ERROR;
				GCC_WARN_UNDECLARED_SELECTOR = YES;
				GCC_WARN_UNINITIALIZED_AUTOS = YES_AGGRESSIVE;
				GCC_WARN_UNUSED_FUNCTION = YES;
				GCC_WARN_UNUSED_VARIABLE = YES;
				IPHONEOS_DEPLOYMENT_TARGET = 10.0;
				MTL_ENABLE_DEBUG_INFO = NO;
				SDKROOT = iphoneos;
				SWIFT_OPTIMIZATION_LEVEL = "-Owholemodule";
				TARGETED_DEVICE_FAMILY = "1,2";
				VALIDATE_PRODUCT = YES;
			};
			name = Release;
		};
		681454731D996FB00003185A /* Debug */ = {
			isa = XCBuildConfiguration;
			buildSettings = {
				ASSETCATALOG_COMPILER_APPICON_NAME = AppIcon;
				INFOPLIST_FILE = "Is It Prime/Info.plist";
				LD_RUNPATH_SEARCH_PATHS = "$(inherited) @executable_path/Frameworks";
				PRODUCT_BUNDLE_IDENTIFIER = "com.hugo.Is-It-Prime";
				PRODUCT_NAME = "$(TARGET_NAME)";
				SWIFT_VERSION = 3.0;
			};
			name = Debug;
		};
		681454741D996FB00003185A /* Release */ = {
			isa = XCBuildConfiguration;
			buildSettings = {
				ASSETCATALOG_COMPILER_APPICON_NAME = AppIcon;
				INFOPLIST_FILE = "Is It Prime/Info.plist";
				LD_RUNPATH_SEARCH_PATHS = "$(inherited) @executable_path/Frameworks";
				PRODUCT_BUNDLE_IDENTIFIER = "com.hugo.Is-It-Prime";
				PRODUCT_NAME = "$(TARGET_NAME)";
				SWIFT_VERSION = 3.0;
			};
			name = Release;
		};
		681454761D996FB00003185A /* Debug */ = {
			isa = XCBuildConfiguration;
			buildSettings = {
				ALWAYS_EMBED_SWIFT_STANDARD_LIBRARIES = YES;
				BUNDLE_LOADER = "$(TEST_HOST)";
				INFOPLIST_FILE = "Is It PrimeTests/Info.plist";
				LD_RUNPATH_SEARCH_PATHS = "$(inherited) @executable_path/Frameworks @loader_path/Frameworks";
				PRODUCT_BUNDLE_IDENTIFIER = "com.hugo.Is-It-PrimeTests";
				PRODUCT_NAME = "$(TARGET_NAME)";
				SWIFT_VERSION = 3.0;
				TEST_HOST = "$(BUILT_PRODUCTS_DIR)/Is It Prime.app/Is It Prime";
			};
			name = Debug;
		};
		681454771D996FB00003185A /* Release */ = {
			isa = XCBuildConfiguration;
			buildSettings = {
				ALWAYS_EMBED_SWIFT_STANDARD_LIBRARIES = YES;
				BUNDLE_LOADER = "$(TEST_HOST)";
				INFOPLIST_FILE = "Is It PrimeTests/Info.plist";
				LD_RUNPATH_SEARCH_PATHS = "$(inherited) @executable_path/Frameworks @loader_path/Frameworks";
				PRODUCT_BUNDLE_IDENTIFIER = "com.hugo.Is-It-PrimeTests";
				PRODUCT_NAME = "$(TARGET_NAME)";
				SWIFT_VERSION = 3.0;
				TEST_HOST = "$(BUILT_PRODUCTS_DIR)/Is It Prime.app/Is It Prime";
			};
			name = Release;
		};
		681454791D996FB00003185A /* Debug */ = {
			isa = XCBuildConfiguration;
			buildSettings = {
				ALWAYS_EMBED_SWIFT_STANDARD_LIBRARIES = YES;
				INFOPLIST_FILE = "Is It PrimeUITests/Info.plist";
				LD_RUNPATH_SEARCH_PATHS = "$(inherited) @executable_path/Frameworks @loader_path/Frameworks";
				PRODUCT_BUNDLE_IDENTIFIER = "com.hugo.Is-It-PrimeUITests";
				PRODUCT_NAME = "$(TARGET_NAME)";
				SWIFT_VERSION = 3.0;
				TEST_TARGET_NAME = "Is It Prime";
			};
			name = Debug;
		};
		6814547A1D996FB00003185A /* Release */ = {
			isa = XCBuildConfiguration;
			buildSettings = {
				ALWAYS_EMBED_SWIFT_STANDARD_LIBRARIES = YES;
				INFOPLIST_FILE = "Is It PrimeUITests/Info.plist";
				LD_RUNPATH_SEARCH_PATHS = "$(inherited) @executable_path/Frameworks @loader_path/Frameworks";
				PRODUCT_BUNDLE_IDENTIFIER = "com.hugo.Is-It-PrimeUITests";
				PRODUCT_NAME = "$(TARGET_NAME)";
				SWIFT_VERSION = 3.0;
				TEST_TARGET_NAME = "Is It Prime";
			};
			name = Release;
		};
/* End XCBuildConfiguration section */

/* Begin XCConfigurationList section */
		681454451D996FB00003185A /* Build configuration list for PBXProject "Is It Prime" */ = {
			isa = XCConfigurationList;
			buildConfigurations = (
				681454701D996FB00003185A /* Debug */,
				681454711D996FB00003185A /* Release */,
			);
			defaultConfigurationIsVisible = 0;
			defaultConfigurationName = Release;
		};
		681454721D996FB00003185A /* Build configuration list for PBXNativeTarget "Is It Prime" */ = {
			isa = XCConfigurationList;
			buildConfigurations = (
				681454731D996FB00003185A /* Debug */,
				681454741D996FB00003185A /* Release */,
			);
			defaultConfigurationIsVisible = 0;
		};
		681454751D996FB00003185A /* Build configuration list for PBXNativeTarget "Is It PrimeTests" */ = {
			isa = XCConfigurationList;
			buildConfigurations = (
				681454761D996FB00003185A /* Debug */,
				681454771D996FB00003185A /* Release */,
			);
			defaultConfigurationIsVisible = 0;
		};
		681454781D996FB00003185A /* Build configuration list for PBXNativeTarget "Is It PrimeUITests" */ = {
			isa = XCConfigurationList;
			buildConfigurations = (
				681454791D996FB00003185A /* Debug */,
				6814547A1D996FB00003185A /* Release */,
			);
			defaultConfigurationIsVisible = 0;
		};
/* End XCConfigurationList section */
	};
	rootObject = 681454421D996FB00003185A /* Project object */;
}
